
Microsoft Visual Studio Solution File, Format Version 12.00
# Visual Studio Version 17
VisualStudioVersion = 17.1.32421.90
MinimumVisualStudioVersion = 10.0.40219.1
Project("{FAE04EC0-301F-11D3-BF4B-00C04F79EFBC}") = "lasso tool", "lasso tool.csproj", "{2BFA0D06-E969-48E0-AE07-28077A8D4568}"
EndProject
Global
	GlobalSection(SolutionConfigurationPlatforms) = preSolution
		Debug|ARM = Debug|ARM
		Debug|ARM64 = Debug|ARM64
		Debug|x64 = Debug|x64
		Debug|x86 = Debug|x86
		Release|ARM = Release|ARM
		Release|ARM64 = Release|ARM64
		Release|x64 = Release|x64
		Release|x86 = Release|x86
	EndGlobalSection
	GlobalSection(ProjectConfigurationPlatforms) = postSolution
		{2BFA0D06-E969-48E0-AE07-28077A8D4568}.Debug|ARM.ActiveCfg = Debug|ARM
		{2BFA0D06-E969-48E0-AE07-28077A8D4568}.Debug|ARM.Build.0 = Debug|ARM
		{2BFA0D06-E969-48E0-AE07-28077A8D4568}.Debug|ARM.Deploy.0 = Debug|ARM
		{2BFA0D06-E969-48E0-AE07-28077A8D4568}.Debug|ARM64.ActiveCfg = Debug|ARM64
		{2BFA0D06-E969-48E0-AE07-28077A8D4568}.Debug|ARM64.Build.0 = Debug|ARM64
		{2BFA0D06-E969-48E0-AE07-28077A8D4568}.Debug|ARM64.Deploy.0 = Debug|ARM64
		{2BFA0D06-E969-48E0-AE07-28077A8D4568}.Debug|x64.ActiveCfg = Debug|x64
		{2BFA0D06-E969-48E0-AE07-28077A8D4568}.Debug|x64.Build.0 = Debug|x64
		{2BFA0D06-E969-48E0-AE07-28077A8D4568}.Debug|x64.Deploy.0 = Debug|x64
		{2BFA0D06-E969-48E0-AE07-28077A8D4568}.Debug|x86.ActiveCfg = Debug|x86
		{2BFA0D06-E969-48E0-AE07-28077A8D4568}.Debug|x86.Build.0 = Debug|x86
		{2BFA0D06-E969-48E0-AE07-28077A8D4568}.Debug|x86.Deploy.0 = Debug|x86
		{2BFA0D06-E969-48E0-AE07-28077A8D4568}.Release|ARM.ActiveCfg = Release|ARM
		{2BFA0D06-E969-48E0-AE07-28077A8D4568}.Release|ARM.Build.0 = Release|ARM
		{2BFA0D06-E969-48E0-AE07-28077A8D4568}.Release|ARM.Deploy.0 = Release|ARM
		{2BFA0D06-E969-48E0-AE07-28077A8D4568}.Release|ARM64.ActiveCfg = Release|ARM64
		{2BFA0D06-E969-48E0-AE07-28077A8D4568}.Release|ARM64.Build.0 = Release|ARM64
		{2BFA0D06-E969-48E0-AE07-28077A8D4568}.Release|ARM64.Deploy.0 = Release|ARM64
		{2BFA0D06-E969-48E0-AE07-28077A8D4568}.Release|x64.ActiveCfg = Release|x64
		{2BFA0D06-E969-48E0-AE07-28077A8D4568}.Release|x64.Build.0 = Release|x64
		{2BFA0D06-E969-48E0-AE07-28077A8D4568}.Release|x64.Deploy.0 = Release|x64
		{2BFA0D06-E969-48E0-AE07-28077A8D4568}.Release|x86.ActiveCfg = Release|x86
		{2BFA0D06-E969-48E0-AE07-28077A8D4568}.Release|x86.Build.0 = Release|x86
		{2BFA0D06-E969-48E0-AE07-28077A8D4568}.Release|x86.Deploy.0 = Release|x86
	EndGlobalSection
	GlobalSection(SolutionProperties) = preSolution
		HideSolutionNode = FALSE
	EndGlobalSection
	GlobalSection(ExtensibilityGlobals) = postSolution
		SolutionGuid = {A6477D06-071B-4A32-9634-4F77E4AEF272}
	EndGlobalSection
EndGlobal
